// !$*UTF8*$!
{
	archiveVersion = 1;
	classes = {
	};
	objectVersion = 77;
	objects = {

/* Begin PBXBuildFile section */
		066AAB86A40C30A000519515 /* LidSoundManager.swift in Sources */ = {isa = PBXBuildFile; fileRef = 2AFFC0CF3023B8E00DF4B00D /* LidSoundManager.swift */; };
		103AD546D7FC69A6F5C0200C /* SpankManager.swift in Sources */ = {isa = PBXBuildFile; fileRef = 8E2531BDEB93F815E4345C38 /* SpankManager.swift */; };
		423936A9B96E453F2C58C53D /* Assets.xcassets in Resources */ = {isa = PBXBuildFile; fileRef = 35F3D486729A5E7EB39039D5 /* Assets.xcassets */; };
		5D4321894EEF493F020ED736 /* Sounds in Resources */ = {isa = PBXBuildFile; fileRef = 7C6BF907EDD6987E7F1E8B7A /* Sounds */; };
		797C00AC00F03F0DB87D91D2 /* SoundEngine.swift in Sources */ = {isa = PBXBuildFile; fileRef = F9F71C3FBCBA4BBB7ADEFD98 /* SoundEngine.swift */; };
		C16882B58F83D0F1DCD1F267 /* SetupView.swift in Sources */ = {isa = PBXBuildFile; fileRef = EFDDDBB7B44AE16F92B1EF78 /* SetupView.swift */; };
		D10FFA0A3EB61494F1CBF62B /* BonkBookApp.swift in Sources */ = {isa = PBXBuildFile; fileRef = 3A548644A35E489931CA3D2D /* BonkBookApp.swift */; };
		E07C2F9F78595167AA4D9243 /* PopoverView.swift in Sources */ = {isa = PBXBuildFile; fileRef = 25E44625AAF0A0068B6A5002 /* PopoverView.swift */; };
		F04AFA74DD9948F3041D1BE7 /* MenuBarManager.swift in Sources */ = {isa = PBXBuildFile; fileRef = 513CB04F8276659FA3F8D6FE /* MenuBarManager.swift */; };
		AA11BB22CC33DD44EE55FF66 /* WelcomeView.swift in Sources */ = {isa = PBXBuildFile; fileRef = AA11BB22CC33DD44EE55FF67 /* WelcomeView.swift */; };
		BB22CC33DD44EE55FF6600AA /* AppConstants.swift in Sources */ = {isa = PBXBuildFile; fileRef = BB22CC33DD44EE55FF6600AB /* AppConstants.swift */; };
/* End PBXBuildFile section */

/* Begin PBXFileReference section */
		1EC56869B6C458B3E17C7325 /* BonkBook.app */ = {isa = PBXFileReference; explicitFileType = wrapper.application; includeInIndex = 0; path = BonkBook.app; sourceTree = BUILT_PRODUCTS_DIR; };
		25E44625AAF0A0068B6A5002 /* PopoverView.swift */ = {isa = PBXFileReference; lastKnownFileType = sourcecode.swift; path = PopoverView.swift; sourceTree = "<group>"; };
		265FEBEE9DE3D75C28EC6799 /* BonkBook.entitlements */ = {isa = PBXFileReference; lastKnownFileType = text.plist.entitlements; path = BonkBook.entitlements; sourceTree = "<group>"; };
		2AFFC0CF3023B8E00DF4B00D /* LidSoundManager.swift */ = {isa = PBXFileReference; lastKnownFileType = sourcecode.swift; path = LidSoundManager.swift; sourceTree = "<group>"; };
		35F3D486729A5E7EB39039D5 /* Assets.xcassets */ = {isa = PBXFileReference; lastKnownFileType = folder.assetcatalog; path = Assets.xcassets; sourceTree = "<group>"; };
		3A548644A35E489931CA3D2D /* BonkBookApp.swift */ = {isa = PBXFileReference; lastKnownFileType = sourcecode.swift; path = BonkBookApp.swift; sourceTree = "<group>"; };
		513CB04F8276659FA3F8D6FE /* MenuBarManager.swift */ = {isa = PBXFileReference; lastKnownFileType = sourcecode.swift; path = MenuBarManager.swift; sourceTree = "<group>"; };
		7C6BF907EDD6987E7F1E8B7A /* Sounds */ = {isa = PBXFileReference; lastKnownFileType = folder; name = Sounds; path = BonkBook/Sounds; sourceTree = SOURCE_ROOT; };
		8E2531BDEB93F815E4345C38 /* SpankManager.swift */ = {isa = PBXFileReference; lastKnownFileType = sourcecode.swift; path = SpankManager.swift; sourceTree = "<group>"; };
		CFED2FD09DD1BB73B0672099 /* Info.plist */ = {isa = PBXFileReference; lastKnownFileType = text.plist; path = Info.plist; sourceTree = "<group>"; };
		EFDDDBB7B44AE16F92B1EF78 /* SetupView.swift */ = {isa = PBXFileReference; lastKnownFileType = sourcecode.swift; path = SetupView.swift; sourceTree = "<group>"; };
		F9F71C3FBCBA4BBB7ADEFD98 /* SoundEngine.swift */ = {isa = PBXFileReference; lastKnownFileType = sourcecode.swift; path = SoundEngine.swift; sourceTree = "<group>"; };
		AA11BB22CC33DD44EE55FF67 /* WelcomeView.swift */ = {isa = PBXFileReference; lastKnownFileType = sourcecode.swift; path = WelcomeView.swift; sourceTree = "<group>"; };
		BB22CC33DD44EE55FF6600AB /* AppConstants.swift */ = {isa = PBXFileReference; lastKnownFileType = sourcecode.swift; path = AppConstants.swift; sourceTree = "<group>"; };
/* End PBXFileReference section */

/* Begin PBXGroup section */
		2B1B1E746CEC673A31F2C715 = {
			isa = PBXGroup;
			children = (
				7C6BF907EDD6987E7F1E8B7A /* Sounds */,
				F991279FD4B176B3D79C5807 /* BonkBook */,
				91FF7F933D0A1A487A69C669 /* Products */,
			);
			sourceTree = "<group>";
		};
		91FF7F933D0A1A487A69C669 /* Products */ = {
			isa = PBXGroup;
			children = (
				1EC56869B6C458B3E17C7325 /* BonkBook.app */,
			);
			name = Products;
			sourceTree = "<group>";
		};
		F991279FD4B176B3D79C5807 /* BonkBook */ = {
			isa = PBXGroup;
			children = (
				35F3D486729A5E7EB39039D5 /* Assets.xcassets */,
				BB22CC33DD44EE55FF6600AB /* AppConstants.swift */,
				265FEBEE9DE3D75C28EC6799 /* BonkBook.entitlements */,
				3A548644A35E489931CA3D2D /* BonkBookApp.swift */,
				CFED2FD09DD1BB73B0672099 /* Info.plist */,
				2AFFC0CF3023B8E00DF4B00D /* LidSoundManager.swift */,
				513CB04F8276659FA3F8D6FE /* MenuBarManager.swift */,
				25E44625AAF0A0068B6A5002 /* PopoverView.swift */,
				EFDDDBB7B44AE16F92B1EF78 /* SetupView.swift */,
				F9F71C3FBCBA4BBB7ADEFD98 /* SoundEngine.swift */,
				8E2531BDEB93F815E4345C38 /* SpankManager.swift */,
				AA11BB22CC33DD44EE55FF67 /* WelcomeView.swift */,
			);
			path = BonkBook;
			sourceTree = "<group>";
		};
/* End PBXGroup section */

/* Begin PBXShellScriptBuildPhase section */
		CC11DD22EE33FF4400112233 /* Copy spank binary */ = {
			isa = PBXShellScriptBuildPhase;
			buildActionMask = 2147483647;
			files = ();
			inputPaths = ("$(PROJECT_DIR)/BonkBook/spank");
			name = "Copy spank binary";
			outputPaths = ("$(TARGET_BUILD_DIR)/$(PRODUCT_NAME).app/Contents/MacOS/spank");
			runOnlyForDeploymentPostprocessing = 0;
			shellPath = /bin/sh;
			shellScript = "DEST=\"$TARGET_BUILD_DIR/$PRODUCT_NAME.app/Contents/MacOS/spank\"\ncp \"$PROJECT_DIR/BonkBook/spank\" \"$DEST\"\nchmod +x \"$DEST\"\n";
		};
/* End PBXShellScriptBuildPhase section */

/* Begin PBXNativeTarget section */
		44E5195C62D93C33B2A52A2D /* BonkBook */ = {
			isa = PBXNativeTarget;
			buildConfigurationList = 16E24CA1FEF38AF38935CC33 /* Build configuration list for PBXNativeTarget "BonkBook" */;
			buildPhases = (
				ABDA8C1B3503DC7D44902FC0 /* Sources */,
				40539E3924CFC03F42475A09 /* Resources */,
				CC11DD22EE33FF4400112233 /* Copy spank binary */,
			);
			buildRules = (
			);
			dependencies = (
			);
			name = BonkBook;
			packageProductDependencies = (
			);
			productName = BonkBook;
			productReference = 1EC56869B6C458B3E17C7325 /* BonkBook.app */;
			productType = "com.apple.product-type.application";
		};
/* End PBXNativeTarget section */

/* Begin PBXProject section */
		7A1451D9EF1AEE71A3664B13 /* Project object */ = {
			isa = PBXProject;
			attributes = {
				BuildIndependentTargetsInParallel = YES;
				LastUpgradeCheck = 1500;
				TargetAttributes = {
					44E5195C62D93C33B2A52A2D = {
						ProvisioningStyle = Automatic;
					};
				};
			};
			buildConfigurationList = E5EBB065992C17DBD7890A37 /* Build configuration list for PBXProject "BonkBook" */;
			developmentRegion = en;
			hasScannedForEncodings = 0;
			knownRegions = (
				Base,
				en,
			);
			mainGroup = 2B1B1E746CEC673A31F2C715;
			minimizedProjectReferenceProxies = 1;
			preferredProjectObjectVersion = 77;
			productRefGroup = 91FF7F933D0A1A487A69C669 /* Products */;
			projectDirPath = "";
			projectRoot = "";
			targets = (
				44E5195C62D93C33B2A52A2D /* BonkBook */,
			);
		};
/* End PBXProject section */

/* Begin PBXResourcesBuildPhase section */
		40539E3924CFC03F42475A09 /* Resources */ = {
			isa = PBXResourcesBuildPhase;
			buildActionMask = 2147483647;
			files = (
				423936A9B96E453F2C58C53D /* Assets.xcassets in Resources */,
				5D4321894EEF493F020ED736 /* Sounds in Resources */,
			);
			runOnlyForDeploymentPostprocessing = 0;
		};
/* End PBXResourcesBuildPhase section */

/* Begin PBXSourcesBuildPhase section */
		ABDA8C1B3503DC7D44902FC0 /* Sources */ = {
			isa = PBXSourcesBuildPhase;
			buildActionMask = 2147483647;
			files = (
				D10FFA0A3EB61494F1CBF62B /* BonkBookApp.swift in Sources */,
				066AAB86A40C30A000519515 /* LidSoundManager.swift in Sources */,
				F04AFA74DD9948F3041D1BE7 /* MenuBarManager.swift in Sources */,
				E07C2F9F78595167AA4D9243 /* PopoverView.swift in Sources */,
				C16882B58F83D0F1DCD1F267 /* SetupView.swift in Sources */,
				797C00AC00F03F0DB87D91D2 /* SoundEngine.swift in Sources */,
				103AD546D7FC69A6F5C0200C /* SpankManager.swift in Sources */,
				AA11BB22CC33DD44EE55FF66 /* WelcomeView.swift in Sources */,
				BB22CC33DD44EE55FF6600AA /* AppConstants.swift in Sources */,
			);
			runOnlyForDeploymentPostprocessing = 0;
		};
/* End PBXSourcesBuildPhase section */

/* Begin XCBuildConfiguration section */
		08CFB2008B165833B1C0AA02 /* Release */ = {
			isa = XCBuildConfiguration;
			buildSettings = {
				ALWAYS_SEARCH_USER_PATHS = NO;
				CLANG_ANALYZER_NONNULL = YES;
				CLANG_ANALYZER_NUMBER_OBJECT_CONVERSION = YES_AGGRESSIVE;
				CLANG_CXX_LANGUAGE_STANDARD = "gnu++14";
				CLANG_CXX_LIBRARY = "libc++";
				CLANG_ENABLE_MODULES = YES;
				CLANG_ENABLE_OBJC_ARC = YES;
				CLANG_ENABLE_OBJC_WEAK = YES;
				CLANG_WARN_BLOCK_CAPTURE_AUTORELEASING = YES;
				CLANG_WARN_BOOL_CONVERSION = YES;
				CLANG_WARN_COMMA = YES;
				CLANG_WARN_CONSTANT_CONVERSION = YES;
				CLANG_WARN_DEPRECATED_OBJC_IMPLEMENTATIONS = YES;
				CLANG_WARN_DIRECT_OBJC_ISA_USAGE = YES_ERROR;
				CLANG_WARN_DOCUMENTATION_COMMENTS = YES;
				CLANG_WARN_EMPTY_BODY = YES;
				CLANG_WARN_ENUM_CONVERSION = YES;
				CLANG_WARN_INFINITE_RECURSION = YES;
				CLANG_WARN_INT_CONVERSION = YES;
				CLANG_WARN_NON_LITERAL_NULL_CONVERSION = YES;
				CLANG_WARN_OBJC_IMPLICIT_RETAIN_SELF = YES;
				CLANG_WARN_OBJC_LITERAL_CONVERSION = YES;
				CLANG_WARN_OBJC_ROOT_CLASS = YES_ERROR;
				CLANG_WARN_QUOTED_INCLUDE_IN_FRAMEWORK_HEADER = YES;
				CLANG_WARN_RANGE_LOOP_ANALYSIS = YES;
				CLANG_WARN_STRICT_PROTOTYPES = YES;
				CLANG_WARN_SUSPICIOUS_MOVE = YES;
				CLANG_WARN_UNGUARDED_AVAILABILITY = YES_AGGRESSIVE;
				CLANG_WARN_UNREACHABLE_CODE = YES;
				CLANG_WARN__DUPLICATE_METHOD_MATCH = YES;
				COPY_PHASE_STRIP = NO;
				DEBUG_INFORMATION_FORMAT = "dwarf-with-dsym";
				ENABLE_NS_ASSERTIONS = NO;
				ENABLE_STRICT_OBJC_MSGSEND = YES;
				GCC_C_LANGUAGE_STANDARD = gnu11;
				GCC_NO_COMMON_BLOCKS = YES;
				GCC_WARN_64_TO_32_BIT_CONVERSION = YES;
				GCC_WARN_ABOUT_RETURN_TYPE = YES_ERROR;
				GCC_WARN_UNDECLARED_SELECTOR = YES;
				GCC_WARN_UNINITIALIZED_AUTOS = YES_AGGRESSIVE;
				GCC_WARN_UNUSED_FUNCTION = YES;
				GCC_WARN_UNUSED_VARIABLE = YES;
				MACOSX_DEPLOYMENT_TARGET = 13.0;
				MTL_ENABLE_DEBUG_INFO = NO;
				MTL_FAST_MATH = YES;
				PRODUCT_NAME = "$(TARGET_NAME)";
				SDKROOT = macosx;
				SWIFT_COMPILATION_MODE = wholemodule;
				SWIFT_OPTIMIZATION_LEVEL = "-O";
				SWIFT_VERSION = 5.0;
			};
			name = Release;
		};
		0E2B3673F25A51CC04592F2F /* Debug */ = {
			isa = XCBuildConfiguration;
			buildSettings = {
				ASSETCATALOG_COMPILER_APPICON_NAME = AppIcon;
				ASSETCATALOG_COMPILER_GLOBAL_ACCENT_COLOR_NAME = AccentColor;
				BUNDLE_IDENTIFIER = com.naumanaslam.BonkBook;
				CODE_SIGN_ENTITLEMENTS = BonkBook/BonkBook.entitlements;
				CODE_SIGN_STYLE = Automatic;
				COMBINE_HIDPI_IMAGES = YES;
				DEVELOPMENT_TEAM = 92X99MPMUT;
				ENABLE_HARDENED_RUNTIME = YES;
				INFOPLIST_FILE = BonkBook/Info.plist;
				LD_RUNPATH_SEARCH_PATHS = (
					"$(inherited)",
					"@executable_path/../Frameworks",
				);
				MACOSX_DEPLOYMENT_TARGET = 13.0;
				PRODUCT_BUNDLE_IDENTIFIER = com.naumanaslam.BonkBook;
				PRODUCT_NAME = BonkBook;
				SDKROOT = macosx;
				SWIFT_VERSION = 5.9;
			};
			name = Debug;
		};
		45E5863BEF9EE245CE40C297 /* Debug */ = {
			isa = XCBuildConfiguration;
			buildSettings = {
				ALWAYS_SEARCH_USER_PATHS = NO;
				CLANG_ANALYZER_NONNULL = YES;
				CLANG_ANALYZER_NUMBER_OBJECT_CONVERSION = YES_AGGRESSIVE;
				CLANG_CXX_LANGUAGE_STANDARD = "gnu++14";
				CLANG_CXX_LIBRARY = "libc++";
				CLANG_ENABLE_MODULES = YES;
				CLANG_ENABLE_OBJC_ARC = YES;
				CLANG_ENABLE_OBJC_WEAK = YES;
				CLANG_WARN_BLOCK_CAPTURE_AUTORELEASING = YES;
				CLANG_WARN_BOOL_CONVERSION = YES;
				CLANG_WARN_COMMA = YES;
				CLANG_WARN_CONSTANT_CONVERSION = YES;
				CLANG_WARN_DEPRECATED_OBJC_IMPLEMENTATIONS = YES;
				CLANG_WARN_DIRECT_OBJC_ISA_USAGE = YES_ERROR;
				CLANG_WARN_DOCUMENTATION_COMMENTS = YES;
				CLANG_WARN_EMPTY_BODY = YES;
				CLANG_WARN_ENUM_CONVERSION = YES;
				CLANG_WARN_INFINITE_RECURSION = YES;
				CLANG_WARN_INT_CONVERSION = YES;
				CLANG_WARN_NON_LITERAL_NULL_CONVERSION = YES;
				CLANG_WARN_OBJC_IMPLICIT_RETAIN_SELF = YES;
				CLANG_WARN_OBJC_LITERAL_CONVERSION = YES;
				CLANG_WARN_OBJC_ROOT_CLASS = YES_ERROR;
				CLANG_WARN_QUOTED_INCLUDE_IN_FRAMEWORK_HEADER = YES;
				CLANG_WARN_RANGE_LOOP_ANALYSIS = YES;
				CLANG_WARN_STRICT_PROTOTYPES = YES;
				CLANG_WARN_SUSPICIOUS_MOVE = YES;
				CLANG_WARN_UNGUARDED_AVAILABILITY = YES_AGGRESSIVE;
				CLANG_WARN_UNREACHABLE_CODE = YES;
				CLANG_WARN__DUPLICATE_METHOD_MATCH = YES;
				COPY_PHASE_STRIP = NO;
				DEBUG_INFORMATION_FORMAT = dwarf;
				ENABLE_STRICT_OBJC_MSGSEND = YES;
				ENABLE_TESTABILITY = YES;
				GCC_C_LANGUAGE_STANDARD = gnu11;
				GCC_DYNAMIC_NO_PIC = NO;
				GCC_NO_COMMON_BLOCKS = YES;
				GCC_OPTIMIZATION_LEVEL = 0;
				GCC_PREPROCESSOR_DEFINITIONS = (
					"$(inherited)",
					"DEBUG=1",
				);
				GCC_WARN_64_TO_32_BIT_CONVERSION = YES;
				GCC_WARN_ABOUT_RETURN_TYPE = YES_ERROR;
				GCC_WARN_UNDECLARED_SELECTOR = YES;
				GCC_WARN_UNINITIALIZED_AUTOS = YES_AGGRESSIVE;
				GCC_WARN_UNUSED_FUNCTION = YES;
				GCC_WARN_UNUSED_VARIABLE = YES;
				MACOSX_DEPLOYMENT_TARGET = 13.0;
				MTL_ENABLE_DEBUG_INFO = INCLUDE_SOURCE;
				MTL_FAST_MATH = YES;
				ONLY_ACTIVE_ARCH = YES;
				PRODUCT_NAME = "$(TARGET_NAME)";
				SDKROOT = macosx;
				SWIFT_ACTIVE_COMPILATION_CONDITIONS = DEBUG;
				SWIFT_OPTIMIZATION_LEVEL = "-Onone";
				SWIFT_VERSION = 5.0;
			};
			name = Debug;
		};
		BFD9E59669F68FC656B336D2 /* Release */ = {
			isa = XCBuildConfiguration;
			buildSettings = {
				ASSETCATALOG_COMPILER_APPICON_NAME = AppIcon;
				ASSETCATALOG_COMPILER_GLOBAL_ACCENT_COLOR_NAME = AccentColor;
				BUNDLE_IDENTIFIER = com.naumanaslam.BonkBook;
				CODE_SIGN_ENTITLEMENTS = BonkBook/BonkBook.entitlements;
				CODE_SIGN_STYLE = Automatic;
				COMBINE_HIDPI_IMAGES = YES;
				DEVELOPMENT_TEAM = 92X99MPMUT;
				ENABLE_HARDENED_RUNTIME = YES;
				INFOPLIST_FILE = BonkBook/Info.plist;
				LD_RUNPATH_SEARCH_PATHS = (
					"$(inherited)",
					"@executable_path/../Frameworks",
				);
				MACOSX_DEPLOYMENT_TARGET = 13.0;
				PRODUCT_BUNDLE_IDENTIFIER = com.naumanaslam.BonkBook;
				PRODUCT_NAME = BonkBook;
				SDKROOT = macosx;
				SWIFT_OPTIMIZATION_LEVEL = "-O";
				SWIFT_VERSION = 5.9;
			};
			name = Release;
		};
/* End XCBuildConfiguration section */

/* Begin XCConfigurationList section */
		16E24CA1FEF38AF38935CC33 /* Build configuration list for PBXNativeTarget "BonkBook" */ = {
			isa = XCConfigurationList;
			buildConfigurations = (
				0E2B3673F25A51CC04592F2F /* Debug */,
				BFD9E59669F68FC656B336D2 /* Release */,
			);
			defaultConfigurationIsVisible = 0;
			defaultConfigurationName = Debug;
		};
		E5EBB065992C17DBD7890A37 /* Build configuration list for PBXProject "BonkBook" */ = {
			isa = XCConfigurationList;
			buildConfigurations = (
				45E5863BEF9EE245CE40C297 /* Debug */,
				08CFB2008B165833B1C0AA02 /* Release */,
			);
			defaultConfigurationIsVisible = 0;
			defaultConfigurationName = Debug;
		};
/* End XCConfigurationList section */
	};
	rootObject = 7A1451D9EF1AEE71A3664B13 /* Project object */;
}
